
Microsoft Visual Studio Solution File, Format Version 12.00
# Visual Studio Version 17
VisualStudioVersion = 17.10.35013.160
MinimumVisualStudioVersion = 10.0.40219.1
Project("{FAE04EC0-301F-11D3-BF4B-00C04F79EFBC}") = "User Input", "User Input\User Input.csproj", "{CBD4339A-0648-4E7E-80E8-1235A152DA48}"
EndProject
Global
	GlobalSection(SolutionConfigurationPlatforms) = preSolution
		Debug|Any CPU = Debug|Any CPU
		Release|Any CPU = Release|Any CPU
	EndGlobalSection
	GlobalSection(ProjectConfigurationPlatforms) = postSolution
		{CBD4339A-0648-4E7E-80E8-1235A152DA48}.Debug|Any CPU.ActiveCfg = Debug|Any CPU
		{CBD4339A-0648-4E7E-80E8-1235A152DA48}.Debug|Any CPU.Build.0 = Debug|Any CPU
		{CBD4339A-0648-4E7E-80E8-1235A152DA48}.Release|Any CPU.ActiveCfg = Release|Any CPU
		{CBD4339A-0648-4E7E-80E8-1235A152DA48}.Release|Any CPU.Build.0 = Release|Any CPU
	EndGlobalSection
	GlobalSection(SolutionProperties) = preSolution
		HideSolutionNode = FALSE
	EndGlobalSection
	GlobalSection(ExtensibilityGlobals) = postSolution
		SolutionGuid = {734A2689-9028-4C75-945F-A10265730E12}
	EndGlobalSection
EndGlobal
